// !$*UTF8*$!
{
	archiveVersion = 1;
	classes = {
	};
	objectVersion = 56;
	objects = {

/* Begin PBXBuildFile section */
		CE30633E2C5BAEF40013F319 /* AppDelegate.swift in Sources */ = {isa = PBXBuildFile; fileRef = CE30633D2C5BAEF40013F319 /* AppDelegate.swift */; };
		CE3063402C5BAEF40013F319 /* SceneDelegate.swift in Sources */ = {isa = PBXBuildFile; fileRef = CE30633F2C5BAEF40013F319 /* SceneDelegate.swift */; };
		CE3063422C5BAEF40013F319 /* TrackerViewController.swift in Sources */ = {isa = PBXBuildFile; fileRef = CE3063412C5BAEF40013F319 /* TrackerViewController.swift */; };
		CE3063482C5BAEF40013F319 /* Tracker.xcdatamodeld in Sources */ = {isa = PBXBuildFile; fileRef = CE3063462C5BAEF40013F319 /* Tracker.xcdatamodeld */; };
		CE30634A2C5BAEFB0013F319 /* Assets.xcassets in Resources */ = {isa = PBXBuildFile; fileRef = CE3063492C5BAEFB0013F319 /* Assets.xcassets */; };
		CE30634D2C5BAEFB0013F319 /* LaunchScreen.storyboard in Resources */ = {isa = PBXBuildFile; fileRef = CE30634B2C5BAEFB0013F319 /* LaunchScreen.storyboard */; };
		CE3063552C5BE9030013F319 /* TabBarController.swift in Sources */ = {isa = PBXBuildFile; fileRef = CE3063542C5BE9030013F319 /* TabBarController.swift */; };
		CE3063572C5C031F0013F319 /* StatisticsViewController.swift in Sources */ = {isa = PBXBuildFile; fileRef = CE3063562C5C031F0013F319 /* StatisticsViewController.swift */; };
		CE3063592C5C08490013F319 /* NavigationController.swift in Sources */ = {isa = PBXBuildFile; fileRef = CE3063582C5C08490013F319 /* NavigationController.swift */; };
		CE3063C52C5F579C0013F319 /* Tracker.swift in Sources */ = {isa = PBXBuildFile; fileRef = CE3063C42C5F579C0013F319 /* Tracker.swift */; };
		CE3063C72C5F585A0013F319 /* TrackerCategory.swift in Sources */ = {isa = PBXBuildFile; fileRef = CE3063C62C5F585A0013F319 /* TrackerCategory.swift */; };
		CE3063C92C5F591E0013F319 /* TrackerRecord.swift in Sources */ = {isa = PBXBuildFile; fileRef = CE3063C82C5F591E0013F319 /* TrackerRecord.swift */; };
		CE3063CE2C60FA080013F319 /* TrackerCreationViewController.swift in Sources */ = {isa = PBXBuildFile; fileRef = CE3063CD2C60FA080013F319 /* TrackerCreationViewController.swift */; };
		CE3063D02C622C4D0013F319 /* NewHabitOrIrregularEventViewController.swift in Sources */ = {isa = PBXBuildFile; fileRef = CE3063CF2C622C4D0013F319 /* NewHabitOrIrregularEventViewController.swift */; };
		CE3063D22C622EEC0013F319 /* Constants.swift in Sources */ = {isa = PBXBuildFile; fileRef = CE3063D12C622EEC0013F319 /* Constants.swift */; };
		CE3063D52C6235780013F319 /* NameTextfieldCell.swift in Sources */ = {isa = PBXBuildFile; fileRef = CE3063D42C6235780013F319 /* NameTextfieldCell.swift */; };
		CE3063D72C6235970013F319 /* CategoryAndScheduleTableViewCell.swift in Sources */ = {isa = PBXBuildFile; fileRef = CE3063D62C6235970013F319 /* CategoryAndScheduleTableViewCell.swift */; };
		CE3063D92C6235AE0013F319 /* EmojiCollectionViewCell.swift in Sources */ = {isa = PBXBuildFile; fileRef = CE3063D82C6235AE0013F319 /* EmojiCollectionViewCell.swift */; };
		CE3063DB2C6235CC0013F319 /* ColorSchemeCollectionViewCell.swift in Sources */ = {isa = PBXBuildFile; fileRef = CE3063DA2C6235CB0013F319 /* ColorSchemeCollectionViewCell.swift */; };
		CE3063DD2C6235EA0013F319 /* CancelAndCreateButtonsCell.swift in Sources */ = {isa = PBXBuildFile; fileRef = CE3063DC2C6235EA0013F319 /* CancelAndCreateButtonsCell.swift */; };
		CE3063DF2C6245D20013F319 /* PaddedTextField.swift in Sources */ = {isa = PBXBuildFile; fileRef = CE3063DE2C6245D20013F319 /* PaddedTextField.swift */; };
		CE3063E22C6249910013F319 /* EmojiCell.swift in Sources */ = {isa = PBXBuildFile; fileRef = CE3063E12C6249910013F319 /* EmojiCell.swift */; };
		CE3063E52C6252940013F319 /* ColorCell.swift in Sources */ = {isa = PBXBuildFile; fileRef = CE3063E42C6252940013F319 /* ColorCell.swift */; };
		CE3063E72C636D440013F319 /* CancelAndCreateButtonsCellDelegate.swift in Sources */ = {isa = PBXBuildFile; fileRef = CE3063E62C636D440013F319 /* CancelAndCreateButtonsCellDelegate.swift */; };
		CE3063E92C6376C60013F319 /* EmojiCellSupplementaryView.swift in Sources */ = {isa = PBXBuildFile; fileRef = CE3063E82C6376C60013F319 /* EmojiCellSupplementaryView.swift */; };
		CE3063EB2C637CE40013F319 /* ColorSchemeCellSupplementaryView.swift in Sources */ = {isa = PBXBuildFile; fileRef = CE3063EA2C637CE40013F319 /* ColorSchemeCellSupplementaryView.swift */; };
		CE3063EE2C63D5070013F319 /* UITableViewCellExtension.swift in Sources */ = {isa = PBXBuildFile; fileRef = CE3063ED2C63D5070013F319 /* UITableViewCellExtension.swift */; };
		CE3063F02C63DE810013F319 /* NewCategoryViewController.swift in Sources */ = {isa = PBXBuildFile; fileRef = CE3063EF2C63DE800013F319 /* NewCategoryViewController.swift */; };
		CE3063F22C63E2440013F319 /* NewCategoryAndScheduleTableViewDelegate.swift in Sources */ = {isa = PBXBuildFile; fileRef = CE3063F12C63E2440013F319 /* NewCategoryAndScheduleTableViewDelegate.swift */; };
		CE3063F62C640D390013F319 /* CategoryCreationViewController.swift in Sources */ = {isa = PBXBuildFile; fileRef = CE3063F52C640D390013F319 /* CategoryCreationViewController.swift */; };
		CE3063F82C6417500013F319 /* CategoryCreationDelegate.swift in Sources */ = {isa = PBXBuildFile; fileRef = CE3063F72C6417500013F319 /* CategoryCreationDelegate.swift */; };
/* End PBXBuildFile section */

/* Begin PBXFileReference section */
		CE30633A2C5BAEF40013F319 /* Tracker.app */ = {isa = PBXFileReference; explicitFileType = wrapper.application; includeInIndex = 0; path = Tracker.app; sourceTree = BUILT_PRODUCTS_DIR; };
		CE30633D2C5BAEF40013F319 /* AppDelegate.swift */ = {isa = PBXFileReference; lastKnownFileType = sourcecode.swift; path = AppDelegate.swift; sourceTree = "<group>"; };
		CE30633F2C5BAEF40013F319 /* SceneDelegate.swift */ = {isa = PBXFileReference; lastKnownFileType = sourcecode.swift; path = SceneDelegate.swift; sourceTree = "<group>"; };
		CE3063412C5BAEF40013F319 /* TrackerViewController.swift */ = {isa = PBXFileReference; lastKnownFileType = sourcecode.swift; path = TrackerViewController.swift; sourceTree = "<group>"; };
		CE3063472C5BAEF40013F319 /* Tracker.xcdatamodel */ = {isa = PBXFileReference; lastKnownFileType = wrapper.xcdatamodel; path = Tracker.xcdatamodel; sourceTree = "<group>"; };
		CE3063492C5BAEFB0013F319 /* Assets.xcassets */ = {isa = PBXFileReference; lastKnownFileType = folder.assetcatalog; path = Assets.xcassets; sourceTree = "<group>"; };
		CE30634C2C5BAEFB0013F319 /* Base */ = {isa = PBXFileReference; lastKnownFileType = file.storyboard; name = Base; path = Base.lproj/LaunchScreen.storyboard; sourceTree = "<group>"; };
		CE30634E2C5BAEFB0013F319 /* Info.plist */ = {isa = PBXFileReference; lastKnownFileType = text.plist.xml; path = Info.plist; sourceTree = "<group>"; };
		CE3063542C5BE9030013F319 /* TabBarController.swift */ = {isa = PBXFileReference; lastKnownFileType = sourcecode.swift; path = TabBarController.swift; sourceTree = "<group>"; };
		CE3063562C5C031F0013F319 /* StatisticsViewController.swift */ = {isa = PBXFileReference; lastKnownFileType = sourcecode.swift; path = StatisticsViewController.swift; sourceTree = "<group>"; };
		CE3063582C5C08490013F319 /* NavigationController.swift */ = {isa = PBXFileReference; lastKnownFileType = sourcecode.swift; path = NavigationController.swift; sourceTree = "<group>"; };
		CE3063C42C5F579C0013F319 /* Tracker.swift */ = {isa = PBXFileReference; lastKnownFileType = sourcecode.swift; path = Tracker.swift; sourceTree = "<group>"; };
		CE3063C62C5F585A0013F319 /* TrackerCategory.swift */ = {isa = PBXFileReference; lastKnownFileType = sourcecode.swift; path = TrackerCategory.swift; sourceTree = "<group>"; };
		CE3063C82C5F591E0013F319 /* TrackerRecord.swift */ = {isa = PBXFileReference; lastKnownFileType = sourcecode.swift; path = TrackerRecord.swift; sourceTree = "<group>"; };
		CE3063CD2C60FA080013F319 /* TrackerCreationViewController.swift */ = {isa = PBXFileReference; lastKnownFileType = sourcecode.swift; path = TrackerCreationViewController.swift; sourceTree = "<group>"; };
		CE3063CF2C622C4D0013F319 /* NewHabitOrIrregularEventViewController.swift */ = {isa = PBXFileReference; lastKnownFileType = sourcecode.swift; path = NewHabitOrIrregularEventViewController.swift; sourceTree = "<group>"; };
		CE3063D12C622EEC0013F319 /* Constants.swift */ = {isa = PBXFileReference; lastKnownFileType = sourcecode.swift; path = Constants.swift; sourceTree = "<group>"; };
		CE3063D42C6235780013F319 /* NameTextfieldCell.swift */ = {isa = PBXFileReference; lastKnownFileType = sourcecode.swift; path = NameTextfieldCell.swift; sourceTree = "<group>"; };
		CE3063D62C6235970013F319 /* CategoryAndScheduleTableViewCell.swift */ = {isa = PBXFileReference; lastKnownFileType = sourcecode.swift; path = CategoryAndScheduleTableViewCell.swift; sourceTree = "<group>"; };
		CE3063D82C6235AE0013F319 /* EmojiCollectionViewCell.swift */ = {isa = PBXFileReference; lastKnownFileType = sourcecode.swift; path = EmojiCollectionViewCell.swift; sourceTree = "<group>"; };
		CE3063DA2C6235CB0013F319 /* ColorSchemeCollectionViewCell.swift */ = {isa = PBXFileReference; lastKnownFileType = sourcecode.swift; path = ColorSchemeCollectionViewCell.swift; sourceTree = "<group>"; };
		CE3063DC2C6235EA0013F319 /* CancelAndCreateButtonsCell.swift */ = {isa = PBXFileReference; lastKnownFileType = sourcecode.swift; path = CancelAndCreateButtonsCell.swift; sourceTree = "<group>"; };
		CE3063DE2C6245D20013F319 /* PaddedTextField.swift */ = {isa = PBXFileReference; lastKnownFileType = sourcecode.swift; path = PaddedTextField.swift; sourceTree = "<group>"; };
		CE3063E12C6249910013F319 /* EmojiCell.swift */ = {isa = PBXFileReference; lastKnownFileType = sourcecode.swift; path = EmojiCell.swift; sourceTree = "<group>"; };
		CE3063E42C6252940013F319 /* ColorCell.swift */ = {isa = PBXFileReference; lastKnownFileType = sourcecode.swift; path = ColorCell.swift; sourceTree = "<group>"; };
		CE3063E62C636D440013F319 /* CancelAndCreateButtonsCellDelegate.swift */ = {isa = PBXFileReference; lastKnownFileType = sourcecode.swift; path = CancelAndCreateButtonsCellDelegate.swift; sourceTree = "<group>"; };
		CE3063E82C6376C60013F319 /* EmojiCellSupplementaryView.swift */ = {isa = PBXFileReference; lastKnownFileType = sourcecode.swift; path = EmojiCellSupplementaryView.swift; sourceTree = "<group>"; };
		CE3063EA2C637CE40013F319 /* ColorSchemeCellSupplementaryView.swift */ = {isa = PBXFileReference; lastKnownFileType = sourcecode.swift; path = ColorSchemeCellSupplementaryView.swift; sourceTree = "<group>"; };
		CE3063ED2C63D5070013F319 /* UITableViewCellExtension.swift */ = {isa = PBXFileReference; lastKnownFileType = sourcecode.swift; path = UITableViewCellExtension.swift; sourceTree = "<group>"; };
		CE3063EF2C63DE800013F319 /* NewCategoryViewController.swift */ = {isa = PBXFileReference; lastKnownFileType = sourcecode.swift; path = NewCategoryViewController.swift; sourceTree = "<group>"; };
		CE3063F12C63E2440013F319 /* NewCategoryAndScheduleTableViewDelegate.swift */ = {isa = PBXFileReference; lastKnownFileType = sourcecode.swift; path = NewCategoryAndScheduleTableViewDelegate.swift; sourceTree = "<group>"; };
		CE3063F52C640D390013F319 /* CategoryCreationViewController.swift */ = {isa = PBXFileReference; lastKnownFileType = sourcecode.swift; path = CategoryCreationViewController.swift; sourceTree = "<group>"; };
		CE3063F72C6417500013F319 /* CategoryCreationDelegate.swift */ = {isa = PBXFileReference; lastKnownFileType = sourcecode.swift; path = CategoryCreationDelegate.swift; sourceTree = "<group>"; };
/* End PBXFileReference section */

/* Begin PBXFrameworksBuildPhase section */
		CE3063372C5BAEF40013F319 /* Frameworks */ = {
			isa = PBXFrameworksBuildPhase;
			buildActionMask = 2147483647;
			files = (
			);
			runOnlyForDeploymentPostprocessing = 0;
		};
/* End PBXFrameworksBuildPhase section */

/* Begin PBXGroup section */
		CE3063312C5BAEF40013F319 = {
			isa = PBXGroup;
			children = (
				CE30633C2C5BAEF40013F319 /* Tracker */,
				CE30633B2C5BAEF40013F319 /* Products */,
			);
			sourceTree = "<group>";
		};
		CE30633B2C5BAEF40013F319 /* Products */ = {
			isa = PBXGroup;
			children = (
				CE30633A2C5BAEF40013F319 /* Tracker.app */,
			);
			name = Products;
			sourceTree = "<group>";
		};
		CE30633C2C5BAEF40013F319 /* Tracker */ = {
			isa = PBXGroup;
			children = (
				CE3063EC2C63D4E60013F319 /* Extensions */,
				CE3063E62C636D440013F319 /* CancelAndCreateButtonsCellDelegate.swift */,
				CE3063DE2C6245D20013F319 /* PaddedTextField.swift */,
				CE3063C32C5F57870013F319 /* Models */,
				CE30635C2C5C0F5C0013F319 /* Statistics */,
				CE30635B2C5C0F510013F319 /* Tracker */,
				CE30635A2C5C0F430013F319 /* Navigation */,
				CE30633D2C5BAEF40013F319 /* AppDelegate.swift */,
				CE30633F2C5BAEF40013F319 /* SceneDelegate.swift */,
				CE3063492C5BAEFB0013F319 /* Assets.xcassets */,
				CE30634B2C5BAEFB0013F319 /* LaunchScreen.storyboard */,
				CE30634E2C5BAEFB0013F319 /* Info.plist */,
				CE3063462C5BAEF40013F319 /* Tracker.xcdatamodeld */,
				CE3063D12C622EEC0013F319 /* Constants.swift */,
				CE3063F12C63E2440013F319 /* NewCategoryAndScheduleTableViewDelegate.swift */,
				CE3063F72C6417500013F319 /* CategoryCreationDelegate.swift */,
			);
			path = Tracker;
			sourceTree = "<group>";
		};
		CE30635A2C5C0F430013F319 /* Navigation */ = {
			isa = PBXGroup;
			children = (
				CE3063582C5C08490013F319 /* NavigationController.swift */,
				CE3063542C5BE9030013F319 /* TabBarController.swift */,
			);
			path = Navigation;
			sourceTree = "<group>";
		};
		CE30635B2C5C0F510013F319 /* Tracker */ = {
			isa = PBXGroup;
			children = (
				CE3063CC2C60F9D60013F319 /* TrackerCreation */,
				CE3063412C5BAEF40013F319 /* TrackerViewController.swift */,
			);
			path = Tracker;
			sourceTree = "<group>";
		};
		CE30635C2C5C0F5C0013F319 /* Statistics */ = {
			isa = PBXGroup;
			children = (
				CE3063562C5C031F0013F319 /* StatisticsViewController.swift */,
			);
			path = Statistics;
			sourceTree = "<group>";
		};
		CE3063C32C5F57870013F319 /* Models */ = {
			isa = PBXGroup;
			children = (
				CE3063C42C5F579C0013F319 /* Tracker.swift */,
				CE3063C62C5F585A0013F319 /* TrackerCategory.swift */,
				CE3063C82C5F591E0013F319 /* TrackerRecord.swift */,
			);
			path = Models;
			sourceTree = "<group>";
		};
		CE3063CC2C60F9D60013F319 /* TrackerCreation */ = {
			isa = PBXGroup;
			children = (
				CE3063D32C62352F0013F319 /* TrackerCreationCells */,
				CE3063CD2C60FA080013F319 /* TrackerCreationViewController.swift */,
				CE3063CF2C622C4D0013F319 /* NewHabitOrIrregularEventViewController.swift */,
				CE3063EF2C63DE800013F319 /* NewCategoryViewController.swift */,
				CE3063F52C640D390013F319 /* CategoryCreationViewController.swift */,
			);
			path = TrackerCreation;
			sourceTree = "<group>";
		};
		CE3063D32C62352F0013F319 /* TrackerCreationCells */ = {
			isa = PBXGroup;
			children = (
				CE3063D42C6235780013F319 /* NameTextfieldCell.swift */,
				CE3063D62C6235970013F319 /* CategoryAndScheduleTableViewCell.swift */,
				CE3063E02C62496E0013F319 /* EmojiCollectionView */,
				CE3063E32C62526E0013F319 /* ColorSchemeCollectionView */,
				CE3063DC2C6235EA0013F319 /* CancelAndCreateButtonsCell.swift */,
			);
			path = TrackerCreationCells;
			sourceTree = "<group>";
		};
		CE3063E02C62496E0013F319 /* EmojiCollectionView */ = {
			isa = PBXGroup;
			children = (
				CE3063D82C6235AE0013F319 /* EmojiCollectionViewCell.swift */,
				CE3063E12C6249910013F319 /* EmojiCell.swift */,
				CE3063E82C6376C60013F319 /* EmojiCellSupplementaryView.swift */,
			);
			path = EmojiCollectionView;
			sourceTree = "<group>";
		};
		CE3063E32C62526E0013F319 /* ColorSchemeCollectionView */ = {
			isa = PBXGroup;
			children = (
				CE3063DA2C6235CB0013F319 /* ColorSchemeCollectionViewCell.swift */,
				CE3063E42C6252940013F319 /* ColorCell.swift */,
				CE3063EA2C637CE40013F319 /* ColorSchemeCellSupplementaryView.swift */,
			);
			path = ColorSchemeCollectionView;
			sourceTree = "<group>";
		};
		CE3063EC2C63D4E60013F319 /* Extensions */ = {
			isa = PBXGroup;
			children = (
				CE3063ED2C63D5070013F319 /* UITableViewCellExtension.swift */,
			);
			path = Extensions;
			sourceTree = "<group>";
		};
/* End PBXGroup section */

/* Begin PBXNativeTarget section */
		CE3063392C5BAEF40013F319 /* Tracker */ = {
			isa = PBXNativeTarget;
			buildConfigurationList = CE3063512C5BAEFB0013F319 /* Build configuration list for PBXNativeTarget "Tracker" */;
			buildPhases = (
				CE3063362C5BAEF40013F319 /* Sources */,
				CE3063372C5BAEF40013F319 /* Frameworks */,
				CE3063382C5BAEF40013F319 /* Resources */,
			);
			buildRules = (
			);
			dependencies = (
			);
			name = Tracker;
			productName = Tracker;
			productReference = CE30633A2C5BAEF40013F319 /* Tracker.app */;
			productType = "com.apple.product-type.application";
		};
/* End PBXNativeTarget section */

/* Begin PBXProject section */
		CE3063322C5BAEF40013F319 /* Project object */ = {
			isa = PBXProject;
			attributes = {
				BuildIndependentTargetsInParallel = 1;
				LastSwiftUpdateCheck = 1520;
				LastUpgradeCheck = 1520;
				TargetAttributes = {
					CE3063392C5BAEF40013F319 = {
						CreatedOnToolsVersion = 15.2;
					};
				};
			};
			buildConfigurationList = CE3063352C5BAEF40013F319 /* Build configuration list for PBXProject "Tracker" */;
			compatibilityVersion = "Xcode 14.0";
			developmentRegion = en;
			hasScannedForEncodings = 0;
			knownRegions = (
				en,
				Base,
			);
			mainGroup = CE3063312C5BAEF40013F319;
			productRefGroup = CE30633B2C5BAEF40013F319 /* Products */;
			projectDirPath = "";
			projectRoot = "";
			targets = (
				CE3063392C5BAEF40013F319 /* Tracker */,
			);
		};
/* End PBXProject section */

/* Begin PBXResourcesBuildPhase section */
		CE3063382C5BAEF40013F319 /* Resources */ = {
			isa = PBXResourcesBuildPhase;
			buildActionMask = 2147483647;
			files = (
				CE30634D2C5BAEFB0013F319 /* LaunchScreen.storyboard in Resources */,
				CE30634A2C5BAEFB0013F319 /* Assets.xcassets in Resources */,
			);
			runOnlyForDeploymentPostprocessing = 0;
		};
/* End PBXResourcesBuildPhase section */

/* Begin PBXSourcesBuildPhase section */
		CE3063362C5BAEF40013F319 /* Sources */ = {
			isa = PBXSourcesBuildPhase;
			buildActionMask = 2147483647;
			files = (
				CE3063DD2C6235EA0013F319 /* CancelAndCreateButtonsCell.swift in Sources */,
				CE3063EB2C637CE40013F319 /* ColorSchemeCellSupplementaryView.swift in Sources */,
				CE3063E92C6376C60013F319 /* EmojiCellSupplementaryView.swift in Sources */,
				CE3063C72C5F585A0013F319 /* TrackerCategory.swift in Sources */,
				CE3063E52C6252940013F319 /* ColorCell.swift in Sources */,
				CE3063E22C6249910013F319 /* EmojiCell.swift in Sources */,
				CE3063C92C5F591E0013F319 /* TrackerRecord.swift in Sources */,
				CE3063482C5BAEF40013F319 /* Tracker.xcdatamodeld in Sources */,
				CE3063DB2C6235CC0013F319 /* ColorSchemeCollectionViewCell.swift in Sources */,
				CE3063F62C640D390013F319 /* CategoryCreationViewController.swift in Sources */,
				CE3063D92C6235AE0013F319 /* EmojiCollectionViewCell.swift in Sources */,
				CE3063422C5BAEF40013F319 /* TrackerViewController.swift in Sources */,
				CE3063F82C6417500013F319 /* CategoryCreationDelegate.swift in Sources */,
				CE3063D52C6235780013F319 /* NameTextfieldCell.swift in Sources */,
				CE3063E72C636D440013F319 /* CancelAndCreateButtonsCellDelegate.swift in Sources */,
				CE30633E2C5BAEF40013F319 /* AppDelegate.swift in Sources */,
				CE3063DF2C6245D20013F319 /* PaddedTextField.swift in Sources */,
				CE3063F02C63DE810013F319 /* NewCategoryViewController.swift in Sources */,
				CE3063572C5C031F0013F319 /* StatisticsViewController.swift in Sources */,
				CE3063C52C5F579C0013F319 /* Tracker.swift in Sources */,
				CE3063D22C622EEC0013F319 /* Constants.swift in Sources */,
				CE3063552C5BE9030013F319 /* TabBarController.swift in Sources */,
				CE3063D72C6235970013F319 /* CategoryAndScheduleTableViewCell.swift in Sources */,
				CE3063D02C622C4D0013F319 /* NewHabitOrIrregularEventViewController.swift in Sources */,
				CE3063592C5C08490013F319 /* NavigationController.swift in Sources */,
				CE3063EE2C63D5070013F319 /* UITableViewCellExtension.swift in Sources */,
				CE3063F22C63E2440013F319 /* NewCategoryAndScheduleTableViewDelegate.swift in Sources */,
				CE3063CE2C60FA080013F319 /* TrackerCreationViewController.swift in Sources */,
				CE3063402C5BAEF40013F319 /* SceneDelegate.swift in Sources */,
			);
			runOnlyForDeploymentPostprocessing = 0;
		};
/* End PBXSourcesBuildPhase section */

/* Begin PBXVariantGroup section */
		CE30634B2C5BAEFB0013F319 /* LaunchScreen.storyboard */ = {
			isa = PBXVariantGroup;
			children = (
				CE30634C2C5BAEFB0013F319 /* Base */,
			);
			name = LaunchScreen.storyboard;
			sourceTree = "<group>";
		};
/* End PBXVariantGroup section */

/* Begin XCBuildConfiguration section */
		CE30634F2C5BAEFB0013F319 /* Debug */ = {
			isa = XCBuildConfiguration;
			buildSettings = {
				ALWAYS_SEARCH_USER_PATHS = NO;
				ASSETCATALOG_COMPILER_GENERATE_SWIFT_ASSET_SYMBOL_EXTENSIONS = YES;
				CLANG_ANALYZER_NONNULL = YES;
				CLANG_ANALYZER_NUMBER_OBJECT_CONVERSION = YES_AGGRESSIVE;
				CLANG_CXX_LANGUAGE_STANDARD = "gnu++20";
				CLANG_ENABLE_MODULES = YES;
				CLANG_ENABLE_OBJC_ARC = YES;
				CLANG_ENABLE_OBJC_WEAK = YES;
				CLANG_WARN_BLOCK_CAPTURE_AUTORELEASING = YES;
				CLANG_WARN_BOOL_CONVERSION = YES;
				CLANG_WARN_COMMA = YES;
				CLANG_WARN_CONSTANT_CONVERSION = YES;
				CLANG_WARN_DEPRECATED_OBJC_IMPLEMENTATIONS = YES;
				CLANG_WARN_DIRECT_OBJC_ISA_USAGE = YES_ERROR;
				CLANG_WARN_DOCUMENTATION_COMMENTS = YES;
				CLANG_WARN_EMPTY_BODY = YES;
				CLANG_WARN_ENUM_CONVERSION = YES;
				CLANG_WARN_INFINITE_RECURSION = YES;
				CLANG_WARN_INT_CONVERSION = YES;
				CLANG_WARN_NON_LITERAL_NULL_CONVERSION = YES;
				CLANG_WARN_OBJC_IMPLICIT_RETAIN_SELF = YES;
				CLANG_WARN_OBJC_LITERAL_CONVERSION = YES;
				CLANG_WARN_OBJC_ROOT_CLASS = YES_ERROR;
				CLANG_WARN_QUOTED_INCLUDE_IN_FRAMEWORK_HEADER = YES;
				CLANG_WARN_RANGE_LOOP_ANALYSIS = YES;
				CLANG_WARN_STRICT_PROTOTYPES = YES;
				CLANG_WARN_SUSPICIOUS_MOVE = YES;
				CLANG_WARN_UNGUARDED_AVAILABILITY = YES_AGGRESSIVE;
				CLANG_WARN_UNREACHABLE_CODE = YES;
				CLANG_WARN__DUPLICATE_METHOD_MATCH = YES;
				COPY_PHASE_STRIP = NO;
				DEBUG_INFORMATION_FORMAT = dwarf;
				ENABLE_STRICT_OBJC_MSGSEND = YES;
				ENABLE_TESTABILITY = YES;
				ENABLE_USER_SCRIPT_SANDBOXING = YES;
				GCC_C_LANGUAGE_STANDARD = gnu17;
				GCC_DYNAMIC_NO_PIC = NO;
				GCC_NO_COMMON_BLOCKS = YES;
				GCC_OPTIMIZATION_LEVEL = 0;
				GCC_PREPROCESSOR_DEFINITIONS = (
					"DEBUG=1",
					"$(inherited)",
				);
				GCC_WARN_64_TO_32_BIT_CONVERSION = YES;
				GCC_WARN_ABOUT_RETURN_TYPE = YES_ERROR;
				GCC_WARN_UNDECLARED_SELECTOR = YES;
				GCC_WARN_UNINITIALIZED_AUTOS = YES_AGGRESSIVE;
				GCC_WARN_UNUSED_FUNCTION = YES;
				GCC_WARN_UNUSED_VARIABLE = YES;
				IPHONEOS_DEPLOYMENT_TARGET = 17.2;
				LOCALIZATION_PREFERS_STRING_CATALOGS = YES;
				MTL_ENABLE_DEBUG_INFO = INCLUDE_SOURCE;
				MTL_FAST_MATH = YES;
				ONLY_ACTIVE_ARCH = YES;
				SDKROOT = iphoneos;
				SWIFT_ACTIVE_COMPILATION_CONDITIONS = "DEBUG $(inherited)";
				SWIFT_OPTIMIZATION_LEVEL = "-Onone";
			};
			name = Debug;
		};
		CE3063502C5BAEFB0013F319 /* Release */ = {
			isa = XCBuildConfiguration;
			buildSettings = {
				ALWAYS_SEARCH_USER_PATHS = NO;
				ASSETCATALOG_COMPILER_GENERATE_SWIFT_ASSET_SYMBOL_EXTENSIONS = YES;
				CLANG_ANALYZER_NONNULL = YES;
				CLANG_ANALYZER_NUMBER_OBJECT_CONVERSION = YES_AGGRESSIVE;
				CLANG_CXX_LANGUAGE_STANDARD = "gnu++20";
				CLANG_ENABLE_MODULES = YES;
				CLANG_ENABLE_OBJC_ARC = YES;
				CLANG_ENABLE_OBJC_WEAK = YES;
				CLANG_WARN_BLOCK_CAPTURE_AUTORELEASING = YES;
				CLANG_WARN_BOOL_CONVERSION = YES;
				CLANG_WARN_COMMA = YES;
				CLANG_WARN_CONSTANT_CONVERSION = YES;
				CLANG_WARN_DEPRECATED_OBJC_IMPLEMENTATIONS = YES;
				CLANG_WARN_DIRECT_OBJC_ISA_USAGE = YES_ERROR;
				CLANG_WARN_DOCUMENTATION_COMMENTS = YES;
				CLANG_WARN_EMPTY_BODY = YES;
				CLANG_WARN_ENUM_CONVERSION = YES;
				CLANG_WARN_INFINITE_RECURSION = YES;
				CLANG_WARN_INT_CONVERSION = YES;
				CLANG_WARN_NON_LITERAL_NULL_CONVERSION = YES;
				CLANG_WARN_OBJC_IMPLICIT_RETAIN_SELF = YES;
				CLANG_WARN_OBJC_LITERAL_CONVERSION = YES;
				CLANG_WARN_OBJC_ROOT_CLASS = YES_ERROR;
				CLANG_WARN_QUOTED_INCLUDE_IN_FRAMEWORK_HEADER = YES;
				CLANG_WARN_RANGE_LOOP_ANALYSIS = YES;
				CLANG_WARN_STRICT_PROTOTYPES = YES;
				CLANG_WARN_SUSPICIOUS_MOVE = YES;
				CLANG_WARN_UNGUARDED_AVAILABILITY = YES_AGGRESSIVE;
				CLANG_WARN_UNREACHABLE_CODE = YES;
				CLANG_WARN__DUPLICATE_METHOD_MATCH = YES;
				COPY_PHASE_STRIP = NO;
				DEBUG_INFORMATION_FORMAT = "dwarf-with-dsym";
				ENABLE_NS_ASSERTIONS = NO;
				ENABLE_STRICT_OBJC_MSGSEND = YES;
				ENABLE_USER_SCRIPT_SANDBOXING = YES;
				GCC_C_LANGUAGE_STANDARD = gnu17;
				GCC_NO_COMMON_BLOCKS = YES;
				GCC_WARN_64_TO_32_BIT_CONVERSION = YES;
				GCC_WARN_ABOUT_RETURN_TYPE = YES_ERROR;
				GCC_WARN_UNDECLARED_SELECTOR = YES;
				GCC_WARN_UNINITIALIZED_AUTOS = YES_AGGRESSIVE;
				GCC_WARN_UNUSED_FUNCTION = YES;
				GCC_WARN_UNUSED_VARIABLE = YES;
				IPHONEOS_DEPLOYMENT_TARGET = 17.2;
				LOCALIZATION_PREFERS_STRING_CATALOGS = YES;
				MTL_ENABLE_DEBUG_INFO = NO;
				MTL_FAST_MATH = YES;
				SDKROOT = iphoneos;
				SWIFT_COMPILATION_MODE = wholemodule;
				VALIDATE_PRODUCT = YES;
			};
			name = Release;
		};
		CE3063522C5BAEFB0013F319 /* Debug */ = {
			isa = XCBuildConfiguration;
			buildSettings = {
				ASSETCATALOG_COMPILER_APPICON_NAME = AppIcon;
				ASSETCATALOG_COMPILER_GLOBAL_ACCENT_COLOR_NAME = AccentColor;
				CODE_SIGN_STYLE = Automatic;
				CURRENT_PROJECT_VERSION = 1;
				DEVELOPMENT_TEAM = 36DY467P7Q;
				GENERATE_INFOPLIST_FILE = YES;
				INFOPLIST_FILE = Tracker/Info.plist;
				INFOPLIST_KEY_UIApplicationSupportsIndirectInputEvents = YES;
				INFOPLIST_KEY_UILaunchStoryboardName = LaunchScreen;
				INFOPLIST_KEY_UISupportedInterfaceOrientations = UIInterfaceOrientationPortrait;
				IPHONEOS_DEPLOYMENT_TARGET = 13.4;
				LD_RUNPATH_SEARCH_PATHS = (
					"$(inherited)",
					"@executable_path/Frameworks",
				);
				MARKETING_VERSION = 1.0;
				PRODUCT_BUNDLE_IDENTIFIER = com.aa.moskovtsev.Tracker;
				PRODUCT_NAME = "$(TARGET_NAME)";
				SUPPORTED_PLATFORMS = "iphoneos iphonesimulator";
				SUPPORTS_MACCATALYST = NO;
				SUPPORTS_MAC_DESIGNED_FOR_IPHONE_IPAD = NO;
				SUPPORTS_XR_DESIGNED_FOR_IPHONE_IPAD = NO;
				SWIFT_EMIT_LOC_STRINGS = YES;
				SWIFT_VERSION = 5.0;
				TARGETED_DEVICE_FAMILY = 1;
			};
			name = Debug;
		};
		CE3063532C5BAEFB0013F319 /* Release */ = {
			isa = XCBuildConfiguration;
			buildSettings = {
				ASSETCATALOG_COMPILER_APPICON_NAME = AppIcon;
				ASSETCATALOG_COMPILER_GLOBAL_ACCENT_COLOR_NAME = AccentColor;
				CODE_SIGN_STYLE = Automatic;
				CURRENT_PROJECT_VERSION = 1;
				DEVELOPMENT_TEAM = 36DY467P7Q;
				GENERATE_INFOPLIST_FILE = YES;
				INFOPLIST_FILE = Tracker/Info.plist;
				INFOPLIST_KEY_UIApplicationSupportsIndirectInputEvents = YES;
				INFOPLIST_KEY_UILaunchStoryboardName = LaunchScreen;
				INFOPLIST_KEY_UISupportedInterfaceOrientations = UIInterfaceOrientationPortrait;
				IPHONEOS_DEPLOYMENT_TARGET = 13.4;
				LD_RUNPATH_SEARCH_PATHS = (
					"$(inherited)",
					"@executable_path/Frameworks",
				);
				MARKETING_VERSION = 1.0;
				PRODUCT_BUNDLE_IDENTIFIER = com.aa.moskovtsev.Tracker;
				PRODUCT_NAME = "$(TARGET_NAME)";
				SUPPORTED_PLATFORMS = "iphoneos iphonesimulator";
				SUPPORTS_MACCATALYST = NO;
				SUPPORTS_MAC_DESIGNED_FOR_IPHONE_IPAD = NO;
				SUPPORTS_XR_DESIGNED_FOR_IPHONE_IPAD = NO;
				SWIFT_EMIT_LOC_STRINGS = YES;
				SWIFT_VERSION = 5.0;
				TARGETED_DEVICE_FAMILY = 1;
			};
			name = Release;
		};
/* End XCBuildConfiguration section */

/* Begin XCConfigurationList section */
		CE3063352C5BAEF40013F319 /* Build configuration list for PBXProject "Tracker" */ = {
			isa = XCConfigurationList;
			buildConfigurations = (
				CE30634F2C5BAEFB0013F319 /* Debug */,
				CE3063502C5BAEFB0013F319 /* Release */,
			);
			defaultConfigurationIsVisible = 0;
			defaultConfigurationName = Release;
		};
		CE3063512C5BAEFB0013F319 /* Build configuration list for PBXNativeTarget "Tracker" */ = {
			isa = XCConfigurationList;
			buildConfigurations = (
				CE3063522C5BAEFB0013F319 /* Debug */,
				CE3063532C5BAEFB0013F319 /* Release */,
			);
			defaultConfigurationIsVisible = 0;
			defaultConfigurationName = Release;
		};
/* End XCConfigurationList section */

/* Begin XCVersionGroup section */
		CE3063462C5BAEF40013F319 /* Tracker.xcdatamodeld */ = {
			isa = XCVersionGroup;
			children = (
				CE3063472C5BAEF40013F319 /* Tracker.xcdatamodel */,
			);
			currentVersion = CE3063472C5BAEF40013F319 /* Tracker.xcdatamodel */;
			path = Tracker.xcdatamodeld;
			sourceTree = "<group>";
			versionGroupType = wrapper.xcdatamodel;
		};
/* End XCVersionGroup section */
	};
	rootObject = CE3063322C5BAEF40013F319 /* Project object */;
}
